{
  "name": "test",
  "lockfileVersion": 3,
  "requires": true,
  "packages": {
    "": {
      "dependencies": {
        "segment-anything-model-mac": "^1.0.20",
        "segment-anything-model-win64": "^1.0.20"
      }
    },
    "node_modules/segment-anything-model-mac": {
      "version": "1.0.20",
      "resolved": "https://registry.npmjs.org/segment-anything-model-mac/-/segment-anything-model-mac-1.0.20.tgz",
      "integrity": "sha512-L6S4rLSz8cG6tvvSYYY2pw6j+6THG9TxYjQvG1HI5rE0VP8L+dqH+Yim416s6GY4Irzt43gtmf6QNcHMQInroQ==",
      "license": "ISC"
    },
    "node_modules/segment-anything-model-win64": {
      "version": "1.0.20",
      "resolved": "https://registry.npmjs.org/segment-anything-model-win64/-/segment-anything-model-win64-1.0.20.tgz",
      "integrity": "sha512-Z15Ty62NuENStffV4Rq38xtkgZLe0yOwXX+0q2Oe7Zq0GJsppdZMWdwaIVEM6iR5X2Dk/27NSU63+noNjsDCag==",
      "license": "ISC"
    }
  }
}
