{
  "name": "test",
  "lockfileVersion": 3,
  "requires": true,
  "packages": {
    "": {
      "dependencies": {
        "segment-anything-model": "^1.0.17"
      }
    },
    "node_modules/segment-anything-model": {
      "version": "1.0.17",
      "resolved": "https://registry.npmjs.org/segment-anything-model/-/segment-anything-model-1.0.17.tgz",
      "integrity": "sha512-CDPbUCLqHLSd66G9neqvSnr/vVcTnJg9XrLhWdfsQ6cnSB3eypk4uFb5veqPVZ1DA19pejF5aZQH2bMaB6XYPg==",
      "hasInstallScript": true,
      "license": "ISC"
    }
  }
}
